
Microsoft Visual Studio Solution File, Format Version 12.00
# Visual Studio Version 16
VisualStudioVersion = 16.0.30011.22
MinimumVisualStudioVersion = 10.0.40219.1
Project("{FAE04EC0-301F-11D3-BF4B-00C04F79EFBC}") = "CountriesWebApp", "CountriesWebApp\CountriesWebApp.csproj", "{6E974772-3324-4891-A7F0-6565991DC21B}"
EndProject
Global
	GlobalSection(SolutionConfigurationPlatforms) = preSolution
		Debug|Any CPU = Debug|Any CPU
		Release|Any CPU = Release|Any CPU
	EndGlobalSection
	GlobalSection(ProjectConfigurationPlatforms) = postSolution
		{6E974772-3324-4891-A7F0-6565991DC21B}.Debug|Any CPU.ActiveCfg = Debug|Any CPU
		{6E974772-3324-4891-A7F0-6565991DC21B}.Debug|Any CPU.Build.0 = Debug|Any CPU
		{6E974772-3324-4891-A7F0-6565991DC21B}.Release|Any CPU.ActiveCfg = Release|Any CPU
		{6E974772-3324-4891-A7F0-6565991DC21B}.Release|Any CPU.Build.0 = Release|Any CPU
	EndGlobalSection
	GlobalSection(SolutionProperties) = preSolution
		HideSolutionNode = FALSE
	EndGlobalSection
	GlobalSection(ExtensibilityGlobals) = postSolution
		SolutionGuid = {0EA66DD5-2FAB-4B35-A7E9-6AB62F059E85}
	EndGlobalSection
EndGlobal
